{
  "nodes": {
    "nixpkgs": {
      "locked": {
        "lastModified": 1791160658,
        "narHash": "sha256-OGEeWGIAVyVRrfe8qOBbsKnBiSUXsZnAi6UcQuhhBSw=",
        "owner": "NixOS",
        "repo": "nixpkgs",
        "rev": "6ca6757e08e5dec9110859c969a6a2718ceb44a0",
        "type": "github"
      },
      "original": {
        "owner": "NixOS",
        "ref": "nixpkgs-26.05-darwin",
        "repo": "nixpkgs",
        "type": "github"
      }
    },
    "root": {
      "inputs": {
        "nixpkgs": "nixpkgs"
      }
    }
  },
  "root": "root",
  "version": 7
}
