// !$*UTF8*$!
{
	archiveVersion = 1;
	classes = {
	};
	objectVersion = 77;
	objects = {

/* Begin PBXBuildFile section */
		0009FAD0300C643000AF09E3 /* GRDB in Frameworks */ = {isa = PBXBuildFile; productRef = 0009FACF300C643000AF09E3 /* GRDB */; };
		00C86EDC300D864A003D6D7B /* LICENSE in Resources */ = {isa = PBXBuildFile; fileRef = 00C86EDB300D864A003D6D7B /* LICENSE */; };
		00C86EDE300D87E4003D6D7B /* README.md in Resources */ = {isa = PBXBuildFile; fileRef = 00C86EDD300D87E4003D6D7B /* README.md */; };
/* End PBXBuildFile section */

/* Begin PBXContainerItemProxy section */
		000B4922300899E600A0015B /* PBXContainerItemProxy */ = {
			isa = PBXContainerItemProxy;
			containerPortal = 000B490C300899E100A0015B /* Project object */;
			proxyType = 1;
			remoteGlobalIDString = 000B4913300899E100A0015B;
			remoteInfo = Disks;
		};
		000B492C300899E600A0015B /* PBXContainerItemProxy */ = {
			isa = PBXContainerItemProxy;
			containerPortal = 000B490C300899E100A0015B /* Project object */;
			proxyType = 1;
			remoteGlobalIDString = 000B4913300899E100A0015B;
			remoteInfo = Disks;
		};
		0043E0DA300A98B7007F2DCB /* PBXContainerItemProxy */ = {
			isa = PBXContainerItemProxy;
			containerPortal = 000B490C300899E100A0015B /* Project object */;
			proxyType = 1;
			remoteGlobalIDString = 006387573009F87400F2BC79;
			remoteInfo = DisksHelper;
		};
		0043E0DE300A98BF007F2DCB /* PBXContainerItemProxy */ = {
			isa = PBXContainerItemProxy;
			containerPortal = 000B490C300899E100A0015B /* Project object */;
			proxyType = 1;
			remoteGlobalIDString = 006387573009F87400F2BC79;
			remoteInfo = DisksHelper;
		};
/* End PBXContainerItemProxy section */

/* Begin PBXCopyFilesBuildPhase section */
		0043E0E0300A995C007F2DCB /* CopyFiles */ = {
			isa = PBXCopyFilesBuildPhase;
			buildActionMask = 2147483647;
			dstPath = Contents/Library/LaunchAgents;
			dstSubfolderSpec = 1;
			files = (
			);
			runOnlyForDeploymentPostprocessing = 0;
		};
/* End PBXCopyFilesBuildPhase section */

/* Begin PBXFileReference section */
		000B4914300899E100A0015B /* Disks.app */ = {isa = PBXFileReference; explicitFileType = wrapper.application; includeInIndex = 0; path = Disks.app; sourceTree = BUILT_PRODUCTS_DIR; };
		000B4921300899E600A0015B /* DisksTests.xctest */ = {isa = PBXFileReference; explicitFileType = wrapper.cfbundle; includeInIndex = 0; path = DisksTests.xctest; sourceTree = BUILT_PRODUCTS_DIR; };
		000B492B300899E600A0015B /* DisksUITests.xctest */ = {isa = PBXFileReference; explicitFileType = wrapper.cfbundle; includeInIndex = 0; path = DisksUITests.xctest; sourceTree = BUILT_PRODUCTS_DIR; };
		00C86EDB300D864A003D6D7B /* LICENSE */ = {isa = PBXFileReference; lastKnownFileType = text; path = LICENSE; sourceTree = "<group>"; };
		00C86EDD300D87E4003D6D7B /* README.md */ = {isa = PBXFileReference; lastKnownFileType = net.daringfireball.markdown; path = README.md; sourceTree = "<group>"; };
/* End PBXFileReference section */

/* Begin PBXFileSystemSynchronizedBuildFileExceptionSet section */
		006387A6300A063900F2BC79 /* Exceptions for "Disks" folder in "Disks" target */ = {
			isa = PBXFileSystemSynchronizedBuildFileExceptionSet;
			membershipExceptions = (
				Info.plist,
			);
			target = 000B4913300899E100A0015B /* Disks */;
		};
/* End PBXFileSystemSynchronizedBuildFileExceptionSet section */

/* Begin PBXFileSystemSynchronizedRootGroup section */
		000B4916300899E100A0015B /* Disks */ = {
			isa = PBXFileSystemSynchronizedRootGroup;
			exceptions = (
				006387A6300A063900F2BC79 /* Exceptions for "Disks" folder in "Disks" target */,
			);
			path = Disks;
			sourceTree = "<group>";
		};
		000B4924300899E600A0015B /* DisksTests */ = {
			isa = PBXFileSystemSynchronizedRootGroup;
			path = DisksTests;
			sourceTree = "<group>";
		};
		000B492E300899E600A0015B /* DisksUITests */ = {
			isa = PBXFileSystemSynchronizedRootGroup;
			path = DisksUITests;
			sourceTree = "<group>";
		};
		000B499C30089A2F00A0015B /* Configuration */ = {
			isa = PBXFileSystemSynchronizedRootGroup;
			path = Configuration;
			sourceTree = "<group>";
		};
/* End PBXFileSystemSynchronizedRootGroup section */

/* Begin PBXFrameworksBuildPhase section */
		000B4911300899E100A0015B /* Frameworks */ = {
			isa = PBXFrameworksBuildPhase;
			buildActionMask = 2147483647;
			files = (
				0009FAD0300C643000AF09E3 /* GRDB in Frameworks */,
			);
			runOnlyForDeploymentPostprocessing = 0;
		};
		000B491E300899E600A0015B /* Frameworks */ = {
			isa = PBXFrameworksBuildPhase;
			buildActionMask = 2147483647;
			files = (
			);
			runOnlyForDeploymentPostprocessing = 0;
		};
		000B4928300899E600A0015B /* Frameworks */ = {
			isa = PBXFrameworksBuildPhase;
			buildActionMask = 2147483647;
			files = (
			);
			runOnlyForDeploymentPostprocessing = 0;
		};
/* End PBXFrameworksBuildPhase section */

/* Begin PBXGroup section */
		000B490B300899E100A0015B = {
			isa = PBXGroup;
			children = (
				00C86EDD300D87E4003D6D7B /* README.md */,
				00C86EDB300D864A003D6D7B /* LICENSE */,
				000B499C30089A2F00A0015B /* Configuration */,
				000B4916300899E100A0015B /* Disks */,
				000B4924300899E600A0015B /* DisksTests */,
				000B492E300899E600A0015B /* DisksUITests */,
				000B4915300899E100A0015B /* Products */,
			);
			sourceTree = "<group>";
		};
		000B4915300899E100A0015B /* Products */ = {
			isa = PBXGroup;
			children = (
				000B4914300899E100A0015B /* Disks.app */,
				000B4921300899E600A0015B /* DisksTests.xctest */,
				000B492B300899E600A0015B /* DisksUITests.xctest */,
			);
			name = Products;
			sourceTree = "<group>";
		};
/* End PBXGroup section */

/* Begin PBXNativeTarget section */
		000B4913300899E100A0015B /* Disks */ = {
			isa = PBXNativeTarget;
			buildConfigurationList = 000B4935300899E600A0015B /* Build configuration list for PBXNativeTarget "Disks" */;
			buildPhases = (
				000B4910300899E100A0015B /* Sources */,
				000B4911300899E100A0015B /* Frameworks */,
				000B4912300899E100A0015B /* Resources */,
				0043E0E0300A995C007F2DCB /* CopyFiles */,
			);
			buildRules = (
			);
			dependencies = (
				0043E0DB300A98B7007F2DCB /* PBXTargetDependency */,
				0043E0DF300A98BF007F2DCB /* PBXTargetDependency */,
			);
			fileSystemSynchronizedGroups = (
				000B4916300899E100A0015B /* Disks */,
				000B499C30089A2F00A0015B /* Configuration */,
			);
			name = Disks;
			packageProductDependencies = (
				0009FACF300C643000AF09E3 /* GRDB */,
			);
			productName = Disks;
			productReference = 000B4914300899E100A0015B /* Disks.app */;
			productType = "com.apple.product-type.application";
		};
		000B4920300899E600A0015B /* DisksTests */ = {
			isa = PBXNativeTarget;
			buildConfigurationList = 000B4938300899E600A0015B /* Build configuration list for PBXNativeTarget "DisksTests" */;
			buildPhases = (
				000B491D300899E600A0015B /* Sources */,
				000B491E300899E600A0015B /* Frameworks */,
				000B491F300899E600A0015B /* Resources */,
			);
			buildRules = (
			);
			dependencies = (
				000B4923300899E600A0015B /* PBXTargetDependency */,
			);
			fileSystemSynchronizedGroups = (
				000B4924300899E600A0015B /* DisksTests */,
			);
			name = DisksTests;
			packageProductDependencies = (
			);
			productName = DisksTests;
			productReference = 000B4921300899E600A0015B /* DisksTests.xctest */;
			productType = "com.apple.product-type.bundle.unit-test";
		};
		000B492A300899E600A0015B /* DisksUITests */ = {
			isa = PBXNativeTarget;
			buildConfigurationList = 000B493B300899E600A0015B /* Build configuration list for PBXNativeTarget "DisksUITests" */;
			buildPhases = (
				000B4927300899E600A0015B /* Sources */,
				000B4928300899E600A0015B /* Frameworks */,
				000B4929300899E600A0015B /* Resources */,
			);
			buildRules = (
			);
			dependencies = (
				000B492D300899E600A0015B /* PBXTargetDependency */,
			);
			fileSystemSynchronizedGroups = (
				000B492E300899E600A0015B /* DisksUITests */,
			);
			name = DisksUITests;
			packageProductDependencies = (
			);
			productName = DisksUITests;
			productReference = 000B492B300899E600A0015B /* DisksUITests.xctest */;
			productType = "com.apple.product-type.bundle.ui-testing";
		};
/* End PBXNativeTarget section */

/* Begin PBXProject section */
		000B490C300899E100A0015B /* Project object */ = {
			isa = PBXProject;
			attributes = {
				BuildIndependentTargetsInParallel = 1;
				LastSwiftUpdateCheck = 2630;
				LastUpgradeCheck = 2630;
				TargetAttributes = {
					000B4913300899E100A0015B = {
						CreatedOnToolsVersion = 26.3;
					};
					000B4920300899E600A0015B = {
						CreatedOnToolsVersion = 26.3;
						TestTargetID = 000B4913300899E100A0015B;
					};
					000B492A300899E600A0015B = {
						CreatedOnToolsVersion = 26.3;
						TestTargetID = 000B4913300899E100A0015B;
					};
				};
			};
			buildConfigurationList = 000B490F300899E100A0015B /* Build configuration list for PBXProject "Disks" */;
			developmentRegion = en;
			hasScannedForEncodings = 0;
			knownRegions = (
				en,
				Base,
			);
			mainGroup = 000B490B300899E100A0015B;
			minimizedProjectReferenceProxies = 1;
			packageReferences = (
				0009FA67300C625F00AF09E3 /* XCRemoteSwiftPackageReference "GRDB.swift" */,
			);
			preferredProjectObjectVersion = 77;
			productRefGroup = 000B4915300899E100A0015B /* Products */;
			projectDirPath = "";
			projectRoot = "";
			targets = (
				000B4913300899E100A0015B /* Disks */,
				000B4920300899E600A0015B /* DisksTests */,
				000B492A300899E600A0015B /* DisksUITests */,
			);
		};
/* End PBXProject section */

/* Begin PBXResourcesBuildPhase section */
		000B4912300899E100A0015B /* Resources */ = {
			isa = PBXResourcesBuildPhase;
			buildActionMask = 2147483647;
			files = (
				00C86EDC300D864A003D6D7B /* LICENSE in Resources */,
				00C86EDE300D87E4003D6D7B /* README.md in Resources */,
			);
			runOnlyForDeploymentPostprocessing = 0;
		};
		000B491F300899E600A0015B /* Resources */ = {
			isa = PBXResourcesBuildPhase;
			buildActionMask = 2147483647;
			files = (
			);
			runOnlyForDeploymentPostprocessing = 0;
		};
		000B4929300899E600A0015B /* Resources */ = {
			isa = PBXResourcesBuildPhase;
			buildActionMask = 2147483647;
			files = (
			);
			runOnlyForDeploymentPostprocessing = 0;
		};
/* End PBXResourcesBuildPhase section */

/* Begin PBXSourcesBuildPhase section */
		000B4910300899E100A0015B /* Sources */ = {
			isa = PBXSourcesBuildPhase;
			buildActionMask = 2147483647;
			files = (
			);
			runOnlyForDeploymentPostprocessing = 0;
		};
		000B491D300899E600A0015B /* Sources */ = {
			isa = PBXSourcesBuildPhase;
			buildActionMask = 2147483647;
			files = (
			);
			runOnlyForDeploymentPostprocessing = 0;
		};
		000B4927300899E600A0015B /* Sources */ = {
			isa = PBXSourcesBuildPhase;
			buildActionMask = 2147483647;
			files = (
			);
			runOnlyForDeploymentPostprocessing = 0;
		};
/* End PBXSourcesBuildPhase section */

/* Begin PBXTargetDependency section */
		000B4923300899E600A0015B /* PBXTargetDependency */ = {
			isa = PBXTargetDependency;
			target = 000B4913300899E100A0015B /* Disks */;
			targetProxy = 000B4922300899E600A0015B /* PBXContainerItemProxy */;
		};
		000B492D300899E600A0015B /* PBXTargetDependency */ = {
			isa = PBXTargetDependency;
			target = 000B4913300899E100A0015B /* Disks */;
			targetProxy = 000B492C300899E600A0015B /* PBXContainerItemProxy */;
		};
		0043E0DB300A98B7007F2DCB /* PBXTargetDependency */ = {
			isa = PBXTargetDependency;
			targetProxy = 0043E0DA300A98B7007F2DCB /* PBXContainerItemProxy */;
		};
		0043E0DF300A98BF007F2DCB /* PBXTargetDependency */ = {
			isa = PBXTargetDependency;
			targetProxy = 0043E0DE300A98BF007F2DCB /* PBXContainerItemProxy */;
		};
/* End PBXTargetDependency section */

/* Begin XCBuildConfiguration section */
		000B4933300899E600A0015B /* Debug */ = {
			isa = XCBuildConfiguration;
			buildSettings = {
				ALWAYS_SEARCH_USER_PATHS = NO;
				ASSETCATALOG_COMPILER_GENERATE_SWIFT_ASSET_SYMBOL_EXTENSIONS = YES;
				CLANG_ANALYZER_NONNULL = YES;
				CLANG_ANALYZER_NUMBER_OBJECT_CONVERSION = YES_AGGRESSIVE;
				CLANG_CXX_LANGUAGE_STANDARD = "gnu++20";
				CLANG_ENABLE_MODULES = YES;
				CLANG_ENABLE_OBJC_ARC = YES;
				CLANG_ENABLE_OBJC_WEAK = YES;
				CLANG_WARN_BLOCK_CAPTURE_AUTORELEASING = YES;
				CLANG_WARN_BOOL_CONVERSION = YES;
				CLANG_WARN_COMMA = YES;
				CLANG_WARN_CONSTANT_CONVERSION = YES;
				CLANG_WARN_DEPRECATED_OBJC_IMPLEMENTATIONS = YES;
				CLANG_WARN_DIRECT_OBJC_ISA_USAGE = YES_ERROR;
				CLANG_WARN_DOCUMENTATION_COMMENTS = YES;
				CLANG_WARN_EMPTY_BODY = YES;
				CLANG_WARN_ENUM_CONVERSION = YES;
				CLANG_WARN_INFINITE_RECURSION = YES;
				CLANG_WARN_INT_CONVERSION = YES;
				CLANG_WARN_NON_LITERAL_NULL_CONVERSION = YES;
				CLANG_WARN_OBJC_IMPLICIT_RETAIN_SELF = YES;
				CLANG_WARN_OBJC_LITERAL_CONVERSION = YES;
				CLANG_WARN_OBJC_ROOT_CLASS = YES_ERROR;
				CLANG_WARN_QUOTED_INCLUDE_IN_FRAMEWORK_HEADER = YES;
				CLANG_WARN_RANGE_LOOP_ANALYSIS = YES;
				CLANG_WARN_STRICT_PROTOTYPES = YES;
				CLANG_WARN_SUSPICIOUS_MOVE = YES;
				CLANG_WARN_UNGUARDED_AVAILABILITY = YES_AGGRESSIVE;
				CLANG_WARN_UNREACHABLE_CODE = YES;
				CLANG_WARN__DUPLICATE_METHOD_MATCH = YES;
				COPY_PHASE_STRIP = NO;
				DEBUG_INFORMATION_FORMAT = dwarf;
				DEVELOPMENT_TEAM = UYJ357XWK6;
				ENABLE_STRICT_OBJC_MSGSEND = YES;
				ENABLE_TESTABILITY = YES;
				ENABLE_USER_SCRIPT_SANDBOXING = YES;
				GCC_C_LANGUAGE_STANDARD = gnu17;
				GCC_DYNAMIC_NO_PIC = NO;
				GCC_NO_COMMON_BLOCKS = YES;
				GCC_OPTIMIZATION_LEVEL = 0;
				GCC_PREPROCESSOR_DEFINITIONS = (
					"DEBUG=1",
					"$(inherited)",
				);
				GCC_WARN_64_TO_32_BIT_CONVERSION = YES;
				GCC_WARN_ABOUT_RETURN_TYPE = YES_ERROR;
				GCC_WARN_UNDECLARED_SELECTOR = YES;
				GCC_WARN_UNINITIALIZED_AUTOS = YES_AGGRESSIVE;
				GCC_WARN_UNUSED_FUNCTION = YES;
				GCC_WARN_UNUSED_VARIABLE = YES;
				LOCALIZATION_PREFERS_STRING_CATALOGS = YES;
				MACOSX_DEPLOYMENT_TARGET = 15.7;
				MTL_ENABLE_DEBUG_INFO = INCLUDE_SOURCE;
				MTL_FAST_MATH = YES;
				ONLY_ACTIVE_ARCH = YES;
				PRODUCT_BUNDLE_IDENTIFIER = "$(DISKS_BUNDLE_ID)";
				SDKROOT = macosx;
				SWIFT_ACTIVE_COMPILATION_CONDITIONS = "DEBUG $(inherited)";
				SWIFT_APPROACHABLE_CONCURRENCY = YES;
				SWIFT_DEFAULT_ACTOR_ISOLATION = nonisolated;
				SWIFT_OPTIMIZATION_LEVEL = "-Onone";
				SWIFT_STRICT_CONCURRENCY = complete;
				SWIFT_UPCOMING_FEATURE_EXISTENTIAL_ANY = YES;
				SWIFT_VERSION = 6.0;
			};
			name = Debug;
		};
		000B4934300899E600A0015B /* Release */ = {
			isa = XCBuildConfiguration;
			buildSettings = {
				ALWAYS_SEARCH_USER_PATHS = NO;
				ASSETCATALOG_COMPILER_GENERATE_SWIFT_ASSET_SYMBOL_EXTENSIONS = YES;
				CLANG_ANALYZER_NONNULL = YES;
				CLANG_ANALYZER_NUMBER_OBJECT_CONVERSION = YES_AGGRESSIVE;
				CLANG_CXX_LANGUAGE_STANDARD = "gnu++20";
				CLANG_ENABLE_MODULES = YES;
				CLANG_ENABLE_OBJC_ARC = YES;
				CLANG_ENABLE_OBJC_WEAK = YES;
				CLANG_WARN_BLOCK_CAPTURE_AUTORELEASING = YES;
				CLANG_WARN_BOOL_CONVERSION = YES;
				CLANG_WARN_COMMA = YES;
				CLANG_WARN_CONSTANT_CONVERSION = YES;
				CLANG_WARN_DEPRECATED_OBJC_IMPLEMENTATIONS = YES;
				CLANG_WARN_DIRECT_OBJC_ISA_USAGE = YES_ERROR;
				CLANG_WARN_DOCUMENTATION_COMMENTS = YES;
				CLANG_WARN_EMPTY_BODY = YES;
				CLANG_WARN_ENUM_CONVERSION = YES;
				CLANG_WARN_INFINITE_RECURSION = YES;
				CLANG_WARN_INT_CONVERSION = YES;
				CLANG_WARN_NON_LITERAL_NULL_CONVERSION = YES;
				CLANG_WARN_OBJC_IMPLICIT_RETAIN_SELF = YES;
				CLANG_WARN_OBJC_LITERAL_CONVERSION = YES;
				CLANG_WARN_OBJC_ROOT_CLASS = YES_ERROR;
				CLANG_WARN_QUOTED_INCLUDE_IN_FRAMEWORK_HEADER = YES;
				CLANG_WARN_RANGE_LOOP_ANALYSIS = YES;
				CLANG_WARN_STRICT_PROTOTYPES = YES;
				CLANG_WARN_SUSPICIOUS_MOVE = YES;
				CLANG_WARN_UNGUARDED_AVAILABILITY = YES_AGGRESSIVE;
				CLANG_WARN_UNREACHABLE_CODE = YES;
				CLANG_WARN__DUPLICATE_METHOD_MATCH = YES;
				COPY_PHASE_STRIP = NO;
				DEBUG_INFORMATION_FORMAT = "dwarf-with-dsym";
				DEVELOPMENT_TEAM = UYJ357XWK6;
				ENABLE_NS_ASSERTIONS = NO;
				ENABLE_STRICT_OBJC_MSGSEND = YES;
				ENABLE_USER_SCRIPT_SANDBOXING = YES;
				GCC_C_LANGUAGE_STANDARD = gnu17;
				GCC_NO_COMMON_BLOCKS = YES;
				GCC_WARN_64_TO_32_BIT_CONVERSION = YES;
				GCC_WARN_ABOUT_RETURN_TYPE = YES_ERROR;
				GCC_WARN_UNDECLARED_SELECTOR = YES;
				GCC_WARN_UNINITIALIZED_AUTOS = YES_AGGRESSIVE;
				GCC_WARN_UNUSED_FUNCTION = YES;
				GCC_WARN_UNUSED_VARIABLE = YES;
				LOCALIZATION_PREFERS_STRING_CATALOGS = YES;
				MACOSX_DEPLOYMENT_TARGET = 15.7;
				MTL_ENABLE_DEBUG_INFO = NO;
				MTL_FAST_MATH = YES;
				PRODUCT_BUNDLE_IDENTIFIER = "$(DISKS_BUNDLE_ID)";
				SDKROOT = macosx;
				SWIFT_APPROACHABLE_CONCURRENCY = YES;
				SWIFT_COMPILATION_MODE = wholemodule;
				SWIFT_DEFAULT_ACTOR_ISOLATION = nonisolated;
				SWIFT_STRICT_CONCURRENCY = complete;
				SWIFT_UPCOMING_FEATURE_EXISTENTIAL_ANY = YES;
				SWIFT_VERSION = 6.0;
			};
			name = Release;
		};
		000B4936300899E600A0015B /* Debug */ = {
			isa = XCBuildConfiguration;
			baseConfigurationReferenceAnchor = 000B4916300899E100A0015B /* Disks */;
			baseConfigurationReferenceRelativePath = Configuration/DisksDebug.xcconfig;
			buildSettings = {
				ASSETCATALOG_COMPILER_APPICON_NAME = AppIcon;
				ASSETCATALOG_COMPILER_GLOBAL_ACCENT_COLOR_NAME = AccentColor;
				CODE_SIGN_STYLE = Automatic;
				COMBINE_HIDPI_IMAGES = YES;
				CURRENT_PROJECT_VERSION = 1;
				DEVELOPMENT_TEAM = UYJ357XWK6;
				ENABLE_APP_SANDBOX = NO;
				ENABLE_HARDENED_RUNTIME = YES;
				ENABLE_PREVIEWS = YES;
				GENERATE_INFOPLIST_FILE = YES;
				INFOPLIST_FILE = Disks/Info.plist;
				INFOPLIST_KEY_LSApplicationCategoryType = "public.app-category.utilities";
				INFOPLIST_KEY_LSUIElement = YES;
				INFOPLIST_KEY_NSHumanReadableCopyright = "";
				LD_RUNPATH_SEARCH_PATHS = (
					"$(inherited)",
					"@executable_path/../Frameworks",
				);
				MACOSX_DEPLOYMENT_TARGET = 15.0;
				MARKETING_VERSION = 1.0.2;
				PRODUCT_NAME = "$(TARGET_NAME)";
				REGISTER_APP_GROUPS = YES;
				STRING_CATALOG_GENERATE_SYMBOLS = YES;
				SWIFT_EMIT_LOC_STRINGS = YES;
				SWIFT_UPCOMING_FEATURE_MEMBER_IMPORT_VISIBILITY = YES;
			};
			name = Debug;
		};
		000B4937300899E600A0015B /* Release */ = {
			isa = XCBuildConfiguration;
			baseConfigurationReferenceAnchor = 000B4916300899E100A0015B /* Disks */;
			baseConfigurationReferenceRelativePath = Configuration/DisksRelease.xcconfig;
			buildSettings = {
				ASSETCATALOG_COMPILER_APPICON_NAME = AppIcon;
				ASSETCATALOG_COMPILER_GLOBAL_ACCENT_COLOR_NAME = AccentColor;
				CODE_SIGN_STYLE = Automatic;
				COMBINE_HIDPI_IMAGES = YES;
				CURRENT_PROJECT_VERSION = 1;
				DEVELOPMENT_TEAM = UYJ357XWK6;
				ENABLE_APP_SANDBOX = NO;
				ENABLE_HARDENED_RUNTIME = YES;
				ENABLE_PREVIEWS = YES;
				GENERATE_INFOPLIST_FILE = YES;
				INFOPLIST_FILE = Disks/Info.plist;
				INFOPLIST_KEY_LSApplicationCategoryType = "public.app-category.utilities";
				INFOPLIST_KEY_LSUIElement = YES;
				INFOPLIST_KEY_NSHumanReadableCopyright = "";
				LD_RUNPATH_SEARCH_PATHS = (
					"$(inherited)",
					"@executable_path/../Frameworks",
				);
				MACOSX_DEPLOYMENT_TARGET = 15.0;
				MARKETING_VERSION = 1.0.2;
				PRODUCT_NAME = "$(TARGET_NAME)";
				REGISTER_APP_GROUPS = YES;
				STRING_CATALOG_GENERATE_SYMBOLS = YES;
				SWIFT_EMIT_LOC_STRINGS = YES;
				SWIFT_UPCOMING_FEATURE_MEMBER_IMPORT_VISIBILITY = YES;
			};
			name = Release;
		};
		000B4939300899E600A0015B /* Debug */ = {
			isa = XCBuildConfiguration;
			baseConfigurationReferenceAnchor = 000B4924300899E600A0015B /* DisksTests */;
			baseConfigurationReferenceRelativePath = Configuration/DisksTestsDebug.xcconfig;
			buildSettings = {
				BUNDLE_LOADER = "$(TEST_HOST)";
				CODE_SIGN_STYLE = Automatic;
				CURRENT_PROJECT_VERSION = 1;
				DEVELOPMENT_TEAM = UYJ357XWK6;
				GENERATE_INFOPLIST_FILE = YES;
				MACOSX_DEPLOYMENT_TARGET = 15.7;
				MARKETING_VERSION = 1.0;
				PRODUCT_NAME = "$(TARGET_NAME)";
				STRING_CATALOG_GENERATE_SYMBOLS = NO;
				SWIFT_EMIT_LOC_STRINGS = NO;
				SWIFT_UPCOMING_FEATURE_MEMBER_IMPORT_VISIBILITY = YES;
				TEST_HOST = "$(BUILT_PRODUCTS_DIR)/Disks.app/$(BUNDLE_EXECUTABLE_FOLDER_PATH)/Disks";
			};
			name = Debug;
		};
		000B493A300899E600A0015B /* Release */ = {
			isa = XCBuildConfiguration;
			baseConfigurationReferenceAnchor = 000B4924300899E600A0015B /* DisksTests */;
			baseConfigurationReferenceRelativePath = Configuration/DisksTestsRelease.xcconfig;
			buildSettings = {
				BUNDLE_LOADER = "$(TEST_HOST)";
				CODE_SIGN_STYLE = Automatic;
				CURRENT_PROJECT_VERSION = 1;
				DEVELOPMENT_TEAM = UYJ357XWK6;
				GENERATE_INFOPLIST_FILE = YES;
				MACOSX_DEPLOYMENT_TARGET = 15.7;
				MARKETING_VERSION = 1.0;
				PRODUCT_NAME = "$(TARGET_NAME)";
				STRING_CATALOG_GENERATE_SYMBOLS = NO;
				SWIFT_EMIT_LOC_STRINGS = NO;
				SWIFT_UPCOMING_FEATURE_MEMBER_IMPORT_VISIBILITY = YES;
				TEST_HOST = "$(BUILT_PRODUCTS_DIR)/Disks.app/$(BUNDLE_EXECUTABLE_FOLDER_PATH)/Disks";
			};
			name = Release;
		};
		000B493C300899E600A0015B /* Debug */ = {
			isa = XCBuildConfiguration;
			baseConfigurationReferenceAnchor = 000B492E300899E600A0015B /* DisksUITests */;
			baseConfigurationReferenceRelativePath = Configuration/DisksUITestsDebug.xcconfig;
			buildSettings = {
				CODE_SIGN_STYLE = Automatic;
				CURRENT_PROJECT_VERSION = 1;
				DEVELOPMENT_TEAM = UYJ357XWK6;
				GENERATE_INFOPLIST_FILE = YES;
				MARKETING_VERSION = 1.0;
				PRODUCT_NAME = "$(TARGET_NAME)";
				STRING_CATALOG_GENERATE_SYMBOLS = NO;
				SWIFT_EMIT_LOC_STRINGS = NO;
				SWIFT_UPCOMING_FEATURE_MEMBER_IMPORT_VISIBILITY = YES;
				TEST_TARGET_NAME = Disks;
			};
			name = Debug;
		};
		000B493D300899E600A0015B /* Release */ = {
			isa = XCBuildConfiguration;
			baseConfigurationReferenceAnchor = 000B492E300899E600A0015B /* DisksUITests */;
			baseConfigurationReferenceRelativePath = Configuration/DisksUITestsRelease.xcconfig;
			buildSettings = {
				CODE_SIGN_STYLE = Automatic;
				CURRENT_PROJECT_VERSION = 1;
				DEVELOPMENT_TEAM = UYJ357XWK6;
				GENERATE_INFOPLIST_FILE = YES;
				MARKETING_VERSION = 1.0;
				PRODUCT_NAME = "$(TARGET_NAME)";
				STRING_CATALOG_GENERATE_SYMBOLS = NO;
				SWIFT_EMIT_LOC_STRINGS = NO;
				SWIFT_UPCOMING_FEATURE_MEMBER_IMPORT_VISIBILITY = YES;
				TEST_TARGET_NAME = Disks;
			};
			name = Release;
		};
/* End XCBuildConfiguration section */

/* Begin XCConfigurationList section */
		000B490F300899E100A0015B /* Build configuration list for PBXProject "Disks" */ = {
			isa = XCConfigurationList;
			buildConfigurations = (
				000B4933300899E600A0015B /* Debug */,
				000B4934300899E600A0015B /* Release */,
			);
			defaultConfigurationIsVisible = 0;
			defaultConfigurationName = Release;
		};
		000B4935300899E600A0015B /* Build configuration list for PBXNativeTarget "Disks" */ = {
			isa = XCConfigurationList;
			buildConfigurations = (
				000B4936300899E600A0015B /* Debug */,
				000B4937300899E600A0015B /* Release */,
			);
			defaultConfigurationIsVisible = 0;
			defaultConfigurationName = Release;
		};
		000B4938300899E600A0015B /* Build configuration list for PBXNativeTarget "DisksTests" */ = {
			isa = XCConfigurationList;
			buildConfigurations = (
				000B4939300899E600A0015B /* Debug */,
				000B493A300899E600A0015B /* Release */,
			);
			defaultConfigurationIsVisible = 0;
			defaultConfigurationName = Release;
		};
		000B493B300899E600A0015B /* Build configuration list for PBXNativeTarget "DisksUITests" */ = {
			isa = XCConfigurationList;
			buildConfigurations = (
				000B493C300899E600A0015B /* Debug */,
				000B493D300899E600A0015B /* Release */,
			);
			defaultConfigurationIsVisible = 0;
			defaultConfigurationName = Release;
		};
/* End XCConfigurationList section */

/* Begin XCRemoteSwiftPackageReference section */
		0009FA67300C625F00AF09E3 /* XCRemoteSwiftPackageReference "GRDB.swift" */ = {
			isa = XCRemoteSwiftPackageReference;
			repositoryURL = "https://github.com/groue/GRDB.swift.git";
			requirement = {
				kind = exactVersion;
				version = 7.11.1;
			};
		};
/* End XCRemoteSwiftPackageReference section */

/* Begin XCSwiftPackageProductDependency section */
		0009FACF300C643000AF09E3 /* GRDB */ = {
			isa = XCSwiftPackageProductDependency;
			package = 0009FA67300C625F00AF09E3 /* XCRemoteSwiftPackageReference "GRDB.swift" */;
			productName = GRDB;
		};
/* End XCSwiftPackageProductDependency section */
	};
	rootObject = 000B490C300899E100A0015B /* Project object */;
}
